
Microsoft Visual Studio Solution File, Format Version 12.00
Project("{FAE04EC0-301F-11D3-BF4B-00C04F79EFBC}") = "DTooling.DnsServer", "DTooling.DnsServer\DTooling.DnsServer.csproj", "{8AF49F38-3D63-4266-9F8B-5D8DCFC1F29B}"
EndProject
Project("{FAE04EC0-301F-11D3-BF4B-00C04F79EFBC}") = "ConsoleApp1", "ConsoleApp1\ConsoleApp1.csproj", "{9516451A-59E5-4377-BDC4-A650056A69AE}"
EndProject
Global
	GlobalSection(SolutionConfigurationPlatforms) = preSolution
		Debug|Any CPU = Debug|Any CPU
		Release|Any CPU = Release|Any CPU
	EndGlobalSection
	GlobalSection(ProjectConfigurationPlatforms) = postSolution
		{8AF49F38-3D63-4266-9F8B-5D8DCFC1F29B}.Debug|Any CPU.ActiveCfg = Debug|Any CPU
		{8AF49F38-3D63-4266-9F8B-5D8DCFC1F29B}.Debug|Any CPU.Build.0 = Debug|Any CPU
		{8AF49F38-3D63-4266-9F8B-5D8DCFC1F29B}.Release|Any CPU.ActiveCfg = Release|Any CPU
		{8AF49F38-3D63-4266-9F8B-5D8DCFC1F29B}.Release|Any CPU.Build.0 = Release|Any CPU
		{9516451A-59E5-4377-BDC4-A650056A69AE}.Debug|Any CPU.ActiveCfg = Debug|Any CPU
		{9516451A-59E5-4377-BDC4-A650056A69AE}.Debug|Any CPU.Build.0 = Debug|Any CPU
		{9516451A-59E5-4377-BDC4-A650056A69AE}.Release|Any CPU.ActiveCfg = Release|Any CPU
		{9516451A-59E5-4377-BDC4-A650056A69AE}.Release|Any CPU.Build.0 = Release|Any CPU
	EndGlobalSection
EndGlobal
